
Microsoft Visual Studio Solution File, Format Version 12.00
# Visual Studio 15
VisualStudioVersion = 15.0.28010.2046
MinimumVisualStudioVersion = 10.0.40219.1
Project("{FAE04EC0-301F-11D3-BF4B-00C04F79EFBC}") = "ETM", "ETM\ETM.csproj", "{C8565259-966E-47C0-A68D-02A3DFDF4C19}"
EndProject
Project("{FAE04EC0-301F-11D3-BF4B-00C04F79EFBC}") = "ETM.BusinessLogicLayer", "ETM.BusinessLogicLayer\ETM.BusinessLogicLayer.csproj", "{BC9416C6-FAA9-4814-A547-7245C86980DE}"
EndProject
Global
	GlobalSection(SolutionConfigurationPlatforms) = preSolution
		Debug|Any CPU = Debug|Any CPU
		Release|Any CPU = Release|Any CPU
	EndGlobalSection
	GlobalSection(ProjectConfigurationPlatforms) = postSolution
		{C8565259-966E-47C0-A68D-02A3DFDF4C19}.Debug|Any CPU.ActiveCfg = Debug|Any CPU
		{C8565259-966E-47C0-A68D-02A3DFDF4C19}.Debug|Any CPU.Build.0 = Debug|Any CPU
		{C8565259-966E-47C0-A68D-02A3DFDF4C19}.Release|Any CPU.ActiveCfg = Release|Any CPU
		{C8565259-966E-47C0-A68D-02A3DFDF4C19}.Release|Any CPU.Build.0 = Release|Any CPU
		{BC9416C6-FAA9-4814-A547-7245C86980DE}.Debug|Any CPU.ActiveCfg = Debug|Any CPU
		{BC9416C6-FAA9-4814-A547-7245C86980DE}.Debug|Any CPU.Build.0 = Debug|Any CPU
		{BC9416C6-FAA9-4814-A547-7245C86980DE}.Release|Any CPU.ActiveCfg = Release|Any CPU
		{BC9416C6-FAA9-4814-A547-7245C86980DE}.Release|Any CPU.Build.0 = Release|Any CPU
	EndGlobalSection
	GlobalSection(SolutionProperties) = preSolution
		HideSolutionNode = FALSE
	EndGlobalSection
	GlobalSection(ExtensibilityGlobals) = postSolution
		SolutionGuid = {4D1BBE44-CBFB-4DAA-A54C-ACFBEC3F618F}
	EndGlobalSection
EndGlobal
